
Microsoft Visual Studio Solution File, Format Version 12.00
# Visual Studio Version 17
VisualStudioVersion = 17.7.34031.279
MinimumVisualStudioVersion = 10.0.40219.1
Project("{FAE04EC0-301F-11D3-BF4B-00C04F79EFBC}") = "KonyvtarAsztali", "KonyvtarAsztali\KonyvtarAsztali.csproj", "{4D71126D-2978-4B55-907D-7D4B2CE75C31}"
EndProject
Global
	GlobalSection(SolutionConfigurationPlatforms) = preSolution
		Debug|Any CPU = Debug|Any CPU
		Release|Any CPU = Release|Any CPU
	EndGlobalSection
	GlobalSection(ProjectConfigurationPlatforms) = postSolution
		{4D71126D-2978-4B55-907D-7D4B2CE75C31}.Debug|Any CPU.ActiveCfg = Debug|Any CPU
		{4D71126D-2978-4B55-907D-7D4B2CE75C31}.Debug|Any CPU.Build.0 = Debug|Any CPU
		{4D71126D-2978-4B55-907D-7D4B2CE75C31}.Release|Any CPU.ActiveCfg = Release|Any CPU
		{4D71126D-2978-4B55-907D-7D4B2CE75C31}.Release|Any CPU.Build.0 = Release|Any CPU
	EndGlobalSection
	GlobalSection(SolutionProperties) = preSolution
		HideSolutionNode = FALSE
	EndGlobalSection
	GlobalSection(ExtensibilityGlobals) = postSolution
		SolutionGuid = {4CA7E5D8-CAFE-4CBC-9829-9BB12A3CF0FC}
	EndGlobalSection
EndGlobal
